// !$*UTF8*$!
{
	archiveVersion = 1;
	classes = {
	};
	objectVersion = 46;
	objects = {

/* Begin PBXBuildFile section */
		E74B28A21AF83FCC00CE4883 /* main.m in Sources */ = {isa = PBXBuildFile; fileRef = E74B28A11AF83FCC00CE4883 /* main.m */; };
		E74B28A51AF83FCC00CE4883 /* AppDelegate.m in Sources */ = {isa = PBXBuildFile; fileRef = E74B28A41AF83FCC00CE4883 /* AppDelegate.m */; };
		E74B28A81AF83FCC00CE4883 /* ViewController.m in Sources */ = {isa = PBXBuildFile; fileRef = E74B28A71AF83FCC00CE4883 /* ViewController.m */; };
		E74B28AB1AF83FCC00CE4883 /* Main.storyboard in Resources */ = {isa = PBXBuildFile; fileRef = E74B28A91AF83FCC00CE4883 /* Main.storyboard */; };
		E74B28AD1AF83FCC00CE4883 /* Images.xcassets in Resources */ = {isa = PBXBuildFile; fileRef = E74B28AC1AF83FCC00CE4883 /* Images.xcassets */; };
		E74B28B01AF83FCC00CE4883 /* LaunchScreen.xib in Resources */ = {isa = PBXBuildFile; fileRef = E74B28AE1AF83FCC00CE4883 /* LaunchScreen.xib */; };
		E74B28BC1AF83FCC00CE4883 /* ios_utilities_testsTests.m in Sources */ = {isa = PBXBuildFile; fileRef = E74B28BB1AF83FCC00CE4883 /* ios_utilities_testsTests.m */; };
		E74B28EA1AF83FF600CE4883 /* NSArray+TealiumAdditions.m in Sources */ = {isa = PBXBuildFile; fileRef = E74B28C81AF83FF600CE4883 /* NSArray+TealiumAdditions.m */; };
		E74B28EB1AF83FF600CE4883 /* NSArray+TealiumAdditions.m in Sources */ = {isa = PBXBuildFile; fileRef = E74B28C81AF83FF600CE4883 /* NSArray+TealiumAdditions.m */; };
		E74B28EC1AF83FF600CE4883 /* NSDate+TealiumAdditions.m in Sources */ = {isa = PBXBuildFile; fileRef = E74B28CA1AF83FF600CE4883 /* NSDate+TealiumAdditions.m */; };
		E74B28ED1AF83FF600CE4883 /* NSDate+TealiumAdditions.m in Sources */ = {isa = PBXBuildFile; fileRef = E74B28CA1AF83FF600CE4883 /* NSDate+TealiumAdditions.m */; };
		E74B28EE1AF83FF600CE4883 /* NSDictionary+TealiumAdditions.m in Sources */ = {isa = PBXBuildFile; fileRef = E74B28CC1AF83FF600CE4883 /* NSDictionary+TealiumAdditions.m */; };
		E74B28EF1AF83FF600CE4883 /* NSDictionary+TealiumAdditions.m in Sources */ = {isa = PBXBuildFile; fileRef = E74B28CC1AF83FF600CE4883 /* NSDictionary+TealiumAdditions.m */; };
		E74B28F01AF83FF600CE4883 /* NSObject+TealiumAdditions.m in Sources */ = {isa = PBXBuildFile; fileRef = E74B28CE1AF83FF600CE4883 /* NSObject+TealiumAdditions.m */; };
		E74B28F11AF83FF600CE4883 /* NSObject+TealiumAdditions.m in Sources */ = {isa = PBXBuildFile; fileRef = E74B28CE1AF83FF600CE4883 /* NSObject+TealiumAdditions.m */; };
		E74B28F21AF83FF600CE4883 /* NSString+TealiumAdditions.m in Sources */ = {isa = PBXBuildFile; fileRef = E74B28D01AF83FF600CE4883 /* NSString+TealiumAdditions.m */; };
		E74B28F31AF83FF600CE4883 /* NSString+TealiumAdditions.m in Sources */ = {isa = PBXBuildFile; fileRef = E74B28D01AF83FF600CE4883 /* NSString+TealiumAdditions.m */; };
		E74B28F41AF83FF600CE4883 /* UIColor+TealiumAdditions.m in Sources */ = {isa = PBXBuildFile; fileRef = E74B28D21AF83FF600CE4883 /* UIColor+TealiumAdditions.m */; };
		E74B28F51AF83FF600CE4883 /* UIColor+TealiumAdditions.m in Sources */ = {isa = PBXBuildFile; fileRef = E74B28D21AF83FF600CE4883 /* UIColor+TealiumAdditions.m */; };
		E74B28F61AF83FF600CE4883 /* UIImage+TealiumAdditions.m in Sources */ = {isa = PBXBuildFile; fileRef = E74B28D41AF83FF600CE4883 /* UIImage+TealiumAdditions.m */; };
		E74B28F71AF83FF600CE4883 /* UIImage+TealiumAdditions.m in Sources */ = {isa = PBXBuildFile; fileRef = E74B28D41AF83FF600CE4883 /* UIImage+TealiumAdditions.m */; };
		E74B28F81AF83FF600CE4883 /* TEALSwizzler.m in Sources */ = {isa = PBXBuildFile; fileRef = E74B28D91AF83FF600CE4883 /* TEALSwizzler.m */; };
		E74B28F91AF83FF600CE4883 /* TEALSwizzler.m in Sources */ = {isa = PBXBuildFile; fileRef = E74B28D91AF83FF600CE4883 /* TEALSwizzler.m */; };
		E74B28FA1AF83FF600CE4883 /* TEALDispatchManager.m in Sources */ = {isa = PBXBuildFile; fileRef = E74B28DC1AF83FF600CE4883 /* TEALDispatchManager.m */; };
		E74B28FB1AF83FF600CE4883 /* TEALDispatchManager.m in Sources */ = {isa = PBXBuildFile; fileRef = E74B28DC1AF83FF600CE4883 /* TEALDispatchManager.m */; };
		E74B28FC1AF83FF600CE4883 /* TEALReachabilityManager.m in Sources */ = {isa = PBXBuildFile; fileRef = E74B28DE1AF83FF600CE4883 /* TEALReachabilityManager.m */; };
		E74B28FD1AF83FF600CE4883 /* TEALReachabilityManager.m in Sources */ = {isa = PBXBuildFile; fileRef = E74B28DE1AF83FF600CE4883 /* TEALReachabilityManager.m */; };
		E74B28FE1AF83FF600CE4883 /* TEALSimpleNetworkManager.m in Sources */ = {isa = PBXBuildFile; fileRef = E74B28E01AF83FF600CE4883 /* TEALSimpleNetworkManager.m */; };
		E74B28FF1AF83FF600CE4883 /* TEALSimpleNetworkManager.m in Sources */ = {isa = PBXBuildFile; fileRef = E74B28E01AF83FF600CE4883 /* TEALSimpleNetworkManager.m */; };
		E74B29001AF83FF600CE4883 /* TEALDataQueue.m in Sources */ = {isa = PBXBuildFile; fileRef = E74B28E41AF83FF600CE4883 /* TEALDataQueue.m */; };
		E74B29011AF83FF600CE4883 /* TEALDataQueue.m in Sources */ = {isa = PBXBuildFile; fileRef = E74B28E41AF83FF600CE4883 /* TEALDataQueue.m */; };
		E74B29021AF83FF600CE4883 /* TEALDispatch.m in Sources */ = {isa = PBXBuildFile; fileRef = E74B28E61AF83FF600CE4883 /* TEALDispatch.m */; };
		E74B29031AF83FF600CE4883 /* TEALDispatch.m in Sources */ = {isa = PBXBuildFile; fileRef = E74B28E61AF83FF600CE4883 /* TEALDispatch.m */; };
		E74B29041AF83FF600CE4883 /* TEALDatasourceStore.m in Sources */ = {isa = PBXBuildFile; fileRef = E74B28E91AF83FF600CE4883 /* TEALDatasourceStore.m */; };
		E74B29051AF83FF600CE4883 /* TEALDatasourceStore.m in Sources */ = {isa = PBXBuildFile; fileRef = E74B28E91AF83FF600CE4883 /* TEALDatasourceStore.m */; };
		E74B29071AF840DF00CE4883 /* TEALStringifiedDataCollectionTests.m in Sources */ = {isa = PBXBuildFile; fileRef = E74B29061AF840DF00CE4883 /* TEALStringifiedDataCollectionTests.m */; };
		E74B29091AF8418600CE4883 /* TEALDataQueueTests.m in Sources */ = {isa = PBXBuildFile; fileRef = E74B29081AF8418600CE4883 /* TEALDataQueueTests.m */; };
/* End PBXBuildFile section */

/* Begin PBXContainerItemProxy section */
		E74B28B61AF83FCC00CE4883 /* PBXContainerItemProxy */ = {
			isa = PBXContainerItemProxy;
			containerPortal = E74B28941AF83FCC00CE4883 /* Project object */;
			proxyType = 1;
			remoteGlobalIDString = E74B289B1AF83FCC00CE4883;
			remoteInfo = "ios-utilities-tests";
		};
/* End PBXContainerItemProxy section */

/* Begin PBXFileReference section */
		E74B289C1AF83FCC00CE4883 /* ios-utilities-tests.app */ = {isa = PBXFileReference; explicitFileType = wrapper.application; includeInIndex = 0; path = "ios-utilities-tests.app"; sourceTree = BUILT_PRODUCTS_DIR; };
		E74B28A01AF83FCC00CE4883 /* Info.plist */ = {isa = PBXFileReference; lastKnownFileType = text.plist.xml; path = Info.plist; sourceTree = "<group>"; };
		E74B28A11AF83FCC00CE4883 /* main.m */ = {isa = PBXFileReference; lastKnownFileType = sourcecode.c.objc; path = main.m; sourceTree = "<group>"; };
		E74B28A31AF83FCC00CE4883 /* AppDelegate.h */ = {isa = PBXFileReference; lastKnownFileType = sourcecode.c.h; path = AppDelegate.h; sourceTree = "<group>"; };
		E74B28A41AF83FCC00CE4883 /* AppDelegate.m */ = {isa = PBXFileReference; lastKnownFileType = sourcecode.c.objc; path = AppDelegate.m; sourceTree = "<group>"; };
		E74B28A61AF83FCC00CE4883 /* ViewController.h */ = {isa = PBXFileReference; lastKnownFileType = sourcecode.c.h; path = ViewController.h; sourceTree = "<group>"; };
		E74B28A71AF83FCC00CE4883 /* ViewController.m */ = {isa = PBXFileReference; lastKnownFileType = sourcecode.c.objc; path = ViewController.m; sourceTree = "<group>"; };
		E74B28AA1AF83FCC00CE4883 /* Base */ = {isa = PBXFileReference; lastKnownFileType = file.storyboard; name = Base; path = Base.lproj/Main.storyboard; sourceTree = "<group>"; };
		E74B28AC1AF83FCC00CE4883 /* Images.xcassets */ = {isa = PBXFileReference; lastKnownFileType = folder.assetcatalog; path = Images.xcassets; sourceTree = "<group>"; };
		E74B28AF1AF83FCC00CE4883 /* Base */ = {isa = PBXFileReference; lastKnownFileType = file.xib; name = Base; path = Base.lproj/LaunchScreen.xib; sourceTree = "<group>"; };
		E74B28B51AF83FCC00CE4883 /* ios-utilitiesTests.xctest */ = {isa = PBXFileReference; explicitFileType = wrapper.cfbundle; includeInIndex = 0; path = "ios-utilitiesTests.xctest"; sourceTree = BUILT_PRODUCTS_DIR; };
		E74B28BA1AF83FCC00CE4883 /* Info.plist */ = {isa = PBXFileReference; lastKnownFileType = text.plist.xml; path = Info.plist; sourceTree = "<group>"; };
		E74B28BB1AF83FCC00CE4883 /* ios_utilities_testsTests.m */ = {isa = PBXFileReference; lastKnownFileType = sourcecode.c.objc; path = ios_utilities_testsTests.m; sourceTree = "<group>"; };
		E74B28C71AF83FF600CE4883 /* NSArray+TealiumAdditions.h */ = {isa = PBXFileReference; fileEncoding = 4; lastKnownFileType = sourcecode.c.h; path = "NSArray+TealiumAdditions.h"; sourceTree = "<group>"; };
		E74B28C81AF83FF600CE4883 /* NSArray+TealiumAdditions.m */ = {isa = PBXFileReference; fileEncoding = 4; lastKnownFileType = sourcecode.c.objc; path = "NSArray+TealiumAdditions.m"; sourceTree = "<group>"; };
		E74B28C91AF83FF600CE4883 /* NSDate+TealiumAdditions.h */ = {isa = PBXFileReference; fileEncoding = 4; lastKnownFileType = sourcecode.c.h; path = "NSDate+TealiumAdditions.h"; sourceTree = "<group>"; };
		E74B28CA1AF83FF600CE4883 /* NSDate+TealiumAdditions.m */ = {isa = PBXFileReference; fileEncoding = 4; lastKnownFileType = sourcecode.c.objc; path = "NSDate+TealiumAdditions.m"; sourceTree = "<group>"; };
		E74B28CB1AF83FF600CE4883 /* NSDictionary+TealiumAdditions.h */ = {isa = PBXFileReference; fileEncoding = 4; lastKnownFileType = sourcecode.c.h; path = "NSDictionary+TealiumAdditions.h"; sourceTree = "<group>"; };
		E74B28CC1AF83FF600CE4883 /* NSDictionary+TealiumAdditions.m */ = {isa = PBXFileReference; fileEncoding = 4; lastKnownFileType = sourcecode.c.objc; path = "NSDictionary+TealiumAdditions.m"; sourceTree = "<group>"; };
		E74B28CD1AF83FF600CE4883 /* NSObject+TealiumAdditions.h */ = {isa = PBXFileReference; fileEncoding = 4; lastKnownFileType = sourcecode.c.h; path = "NSObject+TealiumAdditions.h"; sourceTree = "<group>"; };
		E74B28CE1AF83FF600CE4883 /* NSObject+TealiumAdditions.m */ = {isa = PBXFileReference; fileEncoding = 4; lastKnownFileType = sourcecode.c.objc; path = "NSObject+TealiumAdditions.m"; sourceTree = "<group>"; };
		E74B28CF1AF83FF600CE4883 /* NSString+TealiumAdditions.h */ = {isa = PBXFileReference; fileEncoding = 4; lastKnownFileType = sourcecode.c.h; path = "NSString+TealiumAdditions.h"; sourceTree = "<group>"; };
		E74B28D01AF83FF600CE4883 /* NSString+TealiumAdditions.m */ = {isa = PBXFileReference; fileEncoding = 4; lastKnownFileType = sourcecode.c.objc; path = "NSString+TealiumAdditions.m"; sourceTree = "<group>"; };
		E74B28D11AF83FF600CE4883 /* UIColor+TealiumAdditions.h */ = {isa = PBXFileReference; fileEncoding = 4; lastKnownFileType = sourcecode.c.h; path = "UIColor+TealiumAdditions.h"; sourceTree = "<group>"; };
		E74B28D21AF83FF600CE4883 /* UIColor+TealiumAdditions.m */ = {isa = PBXFileReference; fileEncoding = 4; lastKnownFileType = sourcecode.c.objc; path = "UIColor+TealiumAdditions.m"; sourceTree = "<group>"; };
		E74B28D31AF83FF600CE4883 /* UIImage+TealiumAdditions.h */ = {isa = PBXFileReference; fileEncoding = 4; lastKnownFileType = sourcecode.c.h; path = "UIImage+TealiumAdditions.h"; sourceTree = "<group>"; };
		E74B28D41AF83FF600CE4883 /* UIImage+TealiumAdditions.m */ = {isa = PBXFileReference; fileEncoding = 4; lastKnownFileType = sourcecode.c.objc; path = "UIImage+TealiumAdditions.m"; sourceTree = "<group>"; };
		E74B28D61AF83FF600CE4883 /* TEALBlocks.h */ = {isa = PBXFileReference; fileEncoding = 4; lastKnownFileType = sourcecode.c.h; path = TEALBlocks.h; sourceTree = "<group>"; };
		E74B28D71AF83FF600CE4883 /* TEALDispatchConstants.h */ = {isa = PBXFileReference; fileEncoding = 4; lastKnownFileType = sourcecode.c.h; path = TEALDispatchConstants.h; sourceTree = "<group>"; };
		E74B28D81AF83FF600CE4883 /* TEALSwizzler.h */ = {isa = PBXFileReference; fileEncoding = 4; lastKnownFileType = sourcecode.c.h; path = TEALSwizzler.h; sourceTree = "<group>"; };
		E74B28D91AF83FF600CE4883 /* TEALSwizzler.m */ = {isa = PBXFileReference; fileEncoding = 4; lastKnownFileType = sourcecode.c.objc; path = TEALSwizzler.m; sourceTree = "<group>"; };
		E74B28DB1AF83FF600CE4883 /* TEALDispatchManager.h */ = {isa = PBXFileReference; fileEncoding = 4; lastKnownFileType = sourcecode.c.h; path = TEALDispatchManager.h; sourceTree = "<group>"; };
		E74B28DC1AF83FF600CE4883 /* TEALDispatchManager.m */ = {isa = PBXFileReference; fileEncoding = 4; lastKnownFileType = sourcecode.c.objc; path = TEALDispatchManager.m; sourceTree = "<group>"; };
		E74B28DD1AF83FF600CE4883 /* TEALReachabilityManager.h */ = {isa = PBXFileReference; fileEncoding = 4; lastKnownFileType = sourcecode.c.h; path = TEALReachabilityManager.h; sourceTree = "<group>"; };
		E74B28DE1AF83FF600CE4883 /* TEALReachabilityManager.m */ = {isa = PBXFileReference; fileEncoding = 4; lastKnownFileType = sourcecode.c.objc; path = TEALReachabilityManager.m; sourceTree = "<group>"; };
		E74B28DF1AF83FF600CE4883 /* TEALSimpleNetworkManager.h */ = {isa = PBXFileReference; fileEncoding = 4; lastKnownFileType = sourcecode.c.h; path = TEALSimpleNetworkManager.h; sourceTree = "<group>"; };
		E74B28E01AF83FF600CE4883 /* TEALSimpleNetworkManager.m */ = {isa = PBXFileReference; fileEncoding = 4; lastKnownFileType = sourcecode.c.objc; path = TEALSimpleNetworkManager.m; sourceTree = "<group>"; };
		E74B28E21AF83FF600CE4883 /* TEALDataQueue+PrivateHeaders.h */ = {isa = PBXFileReference; fileEncoding = 4; lastKnownFileType = sourcecode.c.h; path = "TEALDataQueue+PrivateHeaders.h"; sourceTree = "<group>"; };
		E74B28E31AF83FF600CE4883 /* TEALDataQueue.h */ = {isa = PBXFileReference; fileEncoding = 4; lastKnownFileType = sourcecode.c.h; path = TEALDataQueue.h; sourceTree = "<group>"; };
		E74B28E41AF83FF600CE4883 /* TEALDataQueue.m */ = {isa = PBXFileReference; fileEncoding = 4; lastKnownFileType = sourcecode.c.objc; path = TEALDataQueue.m; sourceTree = "<group>"; };
		E74B28E51AF83FF600CE4883 /* TEALDispatch.h */ = {isa = PBXFileReference; fileEncoding = 4; lastKnownFileType = sourcecode.c.h; path = TEALDispatch.h; sourceTree = "<group>"; };
		E74B28E61AF83FF600CE4883 /* TEALDispatch.m */ = {isa = PBXFileReference; fileEncoding = 4; lastKnownFileType = sourcecode.c.objc; path = TEALDispatch.m; sourceTree = "<group>"; };
		E74B28E81AF83FF600CE4883 /* TEALDatasourceStore.h */ = {isa = PBXFileReference; fileEncoding = 4; lastKnownFileType = sourcecode.c.h; path = TEALDatasourceStore.h; sourceTree = "<group>"; };
		E74B28E91AF83FF600CE4883 /* TEALDatasourceStore.m */ = {isa = PBXFileReference; fileEncoding = 4; lastKnownFileType = sourcecode.c.objc; path = TEALDatasourceStore.m; sourceTree = "<group>"; };
		E74B29061AF840DF00CE4883 /* TEALStringifiedDataCollectionTests.m */ = {isa = PBXFileReference; fileEncoding = 4; lastKnownFileType = sourcecode.c.objc; path = TEALStringifiedDataCollectionTests.m; sourceTree = "<group>"; };
		E74B29081AF8418600CE4883 /* TEALDataQueueTests.m */ = {isa = PBXFileReference; fileEncoding = 4; lastKnownFileType = sourcecode.c.objc; path = TEALDataQueueTests.m; sourceTree = "<group>"; };
/* End PBXFileReference section */

/* Begin PBXFrameworksBuildPhase section */
		E74B28991AF83FCC00CE4883 /* Frameworks */ = {
			isa = PBXFrameworksBuildPhase;
			buildActionMask = 2147483647;
			files = (
			);
			runOnlyForDeploymentPostprocessing = 0;
		};
		E74B28B21AF83FCC00CE4883 /* Frameworks */ = {
			isa = PBXFrameworksBuildPhase;
			buildActionMask = 2147483647;
			files = (
			);
			runOnlyForDeploymentPostprocessing = 0;
		};
/* End PBXFrameworksBuildPhase section */

/* Begin PBXGroup section */
		E74B28931AF83FCC00CE4883 = {
			isa = PBXGroup;
			children = (
				E74B28C51AF83FF600CE4883 /* utilities */,
				E74B289E1AF83FCC00CE4883 /* testapp */,
				E74B28B81AF83FCC00CE4883 /* ios-utilities-testsTests */,
				E74B289D1AF83FCC00CE4883 /* Products */,
			);
			sourceTree = "<group>";
		};
		E74B289D1AF83FCC00CE4883 /* Products */ = {
			isa = PBXGroup;
			children = (
				E74B289C1AF83FCC00CE4883 /* ios-utilities-tests.app */,
				E74B28B51AF83FCC00CE4883 /* ios-utilitiesTests.xctest */,
			);
			name = Products;
			sourceTree = "<group>";
		};
		E74B289E1AF83FCC00CE4883 /* testapp */ = {
			isa = PBXGroup;
			children = (
				E74B28A31AF83FCC00CE4883 /* AppDelegate.h */,
				E74B28A41AF83FCC00CE4883 /* AppDelegate.m */,
				E74B28A61AF83FCC00CE4883 /* ViewController.h */,
				E74B28A71AF83FCC00CE4883 /* ViewController.m */,
				E74B28A91AF83FCC00CE4883 /* Main.storyboard */,
				E74B28AC1AF83FCC00CE4883 /* Images.xcassets */,
				E74B28AE1AF83FCC00CE4883 /* LaunchScreen.xib */,
				E74B289F1AF83FCC00CE4883 /* Supporting Files */,
			);
			name = testapp;
			path = "ios-utilities-tests";
			sourceTree = "<group>";
		};
		E74B289F1AF83FCC00CE4883 /* Supporting Files */ = {
			isa = PBXGroup;
			children = (
				E74B28A01AF83FCC00CE4883 /* Info.plist */,
				E74B28A11AF83FCC00CE4883 /* main.m */,
			);
			name = "Supporting Files";
			sourceTree = "<group>";
		};
		E74B28B81AF83FCC00CE4883 /* ios-utilities-testsTests */ = {
			isa = PBXGroup;
			children = (
				E74B28BB1AF83FCC00CE4883 /* ios_utilities_testsTests.m */,
				E74B28B91AF83FCC00CE4883 /* Supporting Files */,
				E74B29061AF840DF00CE4883 /* TEALStringifiedDataCollectionTests.m */,
				E74B29081AF8418600CE4883 /* TEALDataQueueTests.m */,
			);
			path = "ios-utilities-testsTests";
			sourceTree = "<group>";
		};
		E74B28B91AF83FCC00CE4883 /* Supporting Files */ = {
			isa = PBXGroup;
			children = (
				E74B28BA1AF83FCC00CE4883 /* Info.plist */,
			);
			name = "Supporting Files";
			sourceTree = "<group>";
		};
		E74B28C51AF83FF600CE4883 /* utilities */ = {
			isa = PBXGroup;
			children = (
				E74B28C61AF83FF600CE4883 /* categories */,
				E74B28D51AF83FF600CE4883 /* helpers */,
				E74B28DA1AF83FF600CE4883 /* managers */,
				E74B28E11AF83FF600CE4883 /* models */,
				E74B28E71AF83FF600CE4883 /* store */,
			);
			name = utilities;
			path = ../../classes;
			sourceTree = "<group>";
		};
		E74B28C61AF83FF600CE4883 /* categories */ = {
			isa = PBXGroup;
			children = (
				E74B28C71AF83FF600CE4883 /* NSArray+TealiumAdditions.h */,
				E74B28C81AF83FF600CE4883 /* NSArray+TealiumAdditions.m */,
				E74B28C91AF83FF600CE4883 /* NSDate+TealiumAdditions.h */,
				E74B28CA1AF83FF600CE4883 /* NSDate+TealiumAdditions.m */,
				E74B28CB1AF83FF600CE4883 /* NSDictionary+TealiumAdditions.h */,
				E74B28CC1AF83FF600CE4883 /* NSDictionary+TealiumAdditions.m */,
				E74B28CD1AF83FF600CE4883 /* NSObject+TealiumAdditions.h */,
				E74B28CE1AF83FF600CE4883 /* NSObject+TealiumAdditions.m */,
				E74B28CF1AF83FF600CE4883 /* NSString+TealiumAdditions.h */,
				E74B28D01AF83FF600CE4883 /* NSString+TealiumAdditions.m */,
				E74B28D11AF83FF600CE4883 /* UIColor+TealiumAdditions.h */,
				E74B28D21AF83FF600CE4883 /* UIColor+TealiumAdditions.m */,
				E74B28D31AF83FF600CE4883 /* UIImage+TealiumAdditions.h */,
				E74B28D41AF83FF600CE4883 /* UIImage+TealiumAdditions.m */,
			);
			path = categories;
			sourceTree = "<group>";
		};
		E74B28D51AF83FF600CE4883 /* helpers */ = {
			isa = PBXGroup;
			children = (
				E74B28D61AF83FF600CE4883 /* TEALBlocks.h */,
				E74B28D71AF83FF600CE4883 /* TEALDispatchConstants.h */,
				E74B28D81AF83FF600CE4883 /* TEALSwizzler.h */,
				E74B28D91AF83FF600CE4883 /* TEALSwizzler.m */,
			);
			path = helpers;
			sourceTree = "<group>";
		};
		E74B28DA1AF83FF600CE4883 /* managers */ = {
			isa = PBXGroup;
			children = (
				E74B28DB1AF83FF600CE4883 /* TEALDispatchManager.h */,
				E74B28DC1AF83FF600CE4883 /* TEALDispatchManager.m */,
				E74B28DD1AF83FF600CE4883 /* TEALReachabilityManager.h */,
				E74B28DE1AF83FF600CE4883 /* TEALReachabilityManager.m */,
				E74B28DF1AF83FF600CE4883 /* TEALSimpleNetworkManager.h */,
				E74B28E01AF83FF600CE4883 /* TEALSimpleNetworkManager.m */,
			);
			path = managers;
			sourceTree = "<group>";
		};
		E74B28E11AF83FF600CE4883 /* models */ = {
			isa = PBXGroup;
			children = (
				E74B28E21AF83FF600CE4883 /* TEALDataQueue+PrivateHeaders.h */,
				E74B28E31AF83FF600CE4883 /* TEALDataQueue.h */,
				E74B28E41AF83FF600CE4883 /* TEALDataQueue.m */,
				E74B28E51AF83FF600CE4883 /* TEALDispatch.h */,
				E74B28E61AF83FF600CE4883 /* TEALDispatch.m */,
			);
			path = models;
			sourceTree = "<group>";
		};
		E74B28E71AF83FF600CE4883 /* store */ = {
			isa = PBXGroup;
			children = (
				E74B28E81AF83FF600CE4883 /* TEALDatasourceStore.h */,
				E74B28E91AF83FF600CE4883 /* TEALDatasourceStore.m */,
			);
			path = store;
			sourceTree = "<group>";
		};
/* End PBXGroup section */

/* Begin PBXNativeTarget section */
		E74B289B1AF83FCC00CE4883 /* ios-utilities */ = {
			isa = PBXNativeTarget;
			buildConfigurationList = E74B28BF1AF83FCC00CE4883 /* Build configuration list for PBXNativeTarget "ios-utilities" */;
			buildPhases = (
				E74B28981AF83FCC00CE4883 /* Sources */,
				E74B28991AF83FCC00CE4883 /* Frameworks */,
				E74B289A1AF83FCC00CE4883 /* Resources */,
			);
			buildRules = (
			);
			dependencies = (
			);
			name = "ios-utilities";
			productName = "ios-utilities-tests";
			productReference = E74B289C1AF83FCC00CE4883 /* ios-utilities-tests.app */;
			productType = "com.apple.product-type.application";
		};
		E74B28B41AF83FCC00CE4883 /* ios-utilitiesTests */ = {
			isa = PBXNativeTarget;
			buildConfigurationList = E74B28C21AF83FCC00CE4883 /* Build configuration list for PBXNativeTarget "ios-utilitiesTests" */;
			buildPhases = (
				E74B28B11AF83FCC00CE4883 /* Sources */,
				E74B28B21AF83FCC00CE4883 /* Frameworks */,
				E74B28B31AF83FCC00CE4883 /* Resources */,
			);
			buildRules = (
			);
			dependencies = (
				E74B28B71AF83FCC00CE4883 /* PBXTargetDependency */,
			);
			name = "ios-utilitiesTests";
			productName = "ios-utilities-testsTests";
			productReference = E74B28B51AF83FCC00CE4883 /* ios-utilitiesTests.xctest */;
			productType = "com.apple.product-type.bundle.unit-test";
		};
/* End PBXNativeTarget section */

/* Begin PBXProject section */
		E74B28941AF83FCC00CE4883 /* Project object */ = {
			isa = PBXProject;
			attributes = {
				LastUpgradeCheck = 0630;
				ORGANIZATIONNAME = "Tealium Inc.";
				TargetAttributes = {
					E74B289B1AF83FCC00CE4883 = {
						CreatedOnToolsVersion = 6.3.1;
					};
					E74B28B41AF83FCC00CE4883 = {
						CreatedOnToolsVersion = 6.3.1;
						TestTargetID = E74B289B1AF83FCC00CE4883;
					};
				};
			};
			buildConfigurationList = E74B28971AF83FCC00CE4883 /* Build configuration list for PBXProject "ios-utilities" */;
			compatibilityVersion = "Xcode 3.2";
			developmentRegion = English;
			hasScannedForEncodings = 0;
			knownRegions = (
				en,
				Base,
			);
			mainGroup = E74B28931AF83FCC00CE4883;
			productRefGroup = E74B289D1AF83FCC00CE4883 /* Products */;
			projectDirPath = "";
			projectRoot = "";
			targets = (
				E74B289B1AF83FCC00CE4883 /* ios-utilities */,
				E74B28B41AF83FCC00CE4883 /* ios-utilitiesTests */,
			);
		};
/* End PBXProject section */

/* Begin PBXResourcesBuildPhase section */
		E74B289A1AF83FCC00CE4883 /* Resources */ = {
			isa = PBXResourcesBuildPhase;
			buildActionMask = 2147483647;
			files = (
				E74B28AB1AF83FCC00CE4883 /* Main.storyboard in Resources */,
				E74B28B01AF83FCC00CE4883 /* LaunchScreen.xib in Resources */,
				E74B28AD1AF83FCC00CE4883 /* Images.xcassets in Resources */,
			);
			runOnlyForDeploymentPostprocessing = 0;
		};
		E74B28B31AF83FCC00CE4883 /* Resources */ = {
			isa = PBXResourcesBuildPhase;
			buildActionMask = 2147483647;
			files = (
			);
			runOnlyForDeploymentPostprocessing = 0;
		};
/* End PBXResourcesBuildPhase section */

/* Begin PBXSourcesBuildPhase section */
		E74B28981AF83FCC00CE4883 /* Sources */ = {
			isa = PBXSourcesBuildPhase;
			buildActionMask = 2147483647;
			files = (
				E74B28EE1AF83FF600CE4883 /* NSDictionary+TealiumAdditions.m in Sources */,
				E74B28FA1AF83FF600CE4883 /* TEALDispatchManager.m in Sources */,
				E74B28F81AF83FF600CE4883 /* TEALSwizzler.m in Sources */,
				E74B29001AF83FF600CE4883 /* TEALDataQueue.m in Sources */,
				E74B29041AF83FF600CE4883 /* TEALDatasourceStore.m in Sources */,
				E74B28F21AF83FF600CE4883 /* NSString+TealiumAdditions.m in Sources */,
				E74B28EA1AF83FF600CE4883 /* NSArray+TealiumAdditions.m in Sources */,
				E74B28F01AF83FF600CE4883 /* NSObject+TealiumAdditions.m in Sources */,
				E74B28A81AF83FCC00CE4883 /* ViewController.m in Sources */,
				E74B28F61AF83FF600CE4883 /* UIImage+TealiumAdditions.m in Sources */,
				E74B28EC1AF83FF600CE4883 /* NSDate+TealiumAdditions.m in Sources */,
				E74B28A51AF83FCC00CE4883 /* AppDelegate.m in Sources */,
				E74B28A21AF83FCC00CE4883 /* main.m in Sources */,
				E74B28F41AF83FF600CE4883 /* UIColor+TealiumAdditions.m in Sources */,
				E74B28FE1AF83FF600CE4883 /* TEALSimpleNetworkManager.m in Sources */,
				E74B28FC1AF83FF600CE4883 /* TEALReachabilityManager.m in Sources */,
				E74B29021AF83FF600CE4883 /* TEALDispatch.m in Sources */,
			);
			runOnlyForDeploymentPostprocessing = 0;
		};
		E74B28B11AF83FCC00CE4883 /* Sources */ = {
			isa = PBXSourcesBuildPhase;
			buildActionMask = 2147483647;
			files = (
				E74B28F51AF83FF600CE4883 /* UIColor+TealiumAdditions.m in Sources */,
				E74B29091AF8418600CE4883 /* TEALDataQueueTests.m in Sources */,
				E74B28FB1AF83FF600CE4883 /* TEALDispatchManager.m in Sources */,
				E74B28F71AF83FF600CE4883 /* UIImage+TealiumAdditions.m in Sources */,
				E74B28EF1AF83FF600CE4883 /* NSDictionary+TealiumAdditions.m in Sources */,
				E74B28FD1AF83FF600CE4883 /* TEALReachabilityManager.m in Sources */,
				E74B28EB1AF83FF600CE4883 /* NSArray+TealiumAdditions.m in Sources */,
				E74B29071AF840DF00CE4883 /* TEALStringifiedDataCollectionTests.m in Sources */,
				E74B28F11AF83FF600CE4883 /* NSObject+TealiumAdditions.m in Sources */,
				E74B28BC1AF83FCC00CE4883 /* ios_utilities_testsTests.m in Sources */,
				E74B28ED1AF83FF600CE4883 /* NSDate+TealiumAdditions.m in Sources */,
				E74B28F31AF83FF600CE4883 /* NSString+TealiumAdditions.m in Sources */,
				E74B29051AF83FF600CE4883 /* TEALDatasourceStore.m in Sources */,
				E74B29011AF83FF600CE4883 /* TEALDataQueue.m in Sources */,
				E74B29031AF83FF600CE4883 /* TEALDispatch.m in Sources */,
				E74B28FF1AF83FF600CE4883 /* TEALSimpleNetworkManager.m in Sources */,
				E74B28F91AF83FF600CE4883 /* TEALSwizzler.m in Sources */,
			);
			runOnlyForDeploymentPostprocessing = 0;
		};
/* End PBXSourcesBuildPhase section */

/* Begin PBXTargetDependency section */
		E74B28B71AF83FCC00CE4883 /* PBXTargetDependency */ = {
			isa = PBXTargetDependency;
			target = E74B289B1AF83FCC00CE4883 /* ios-utilities */;
			targetProxy = E74B28B61AF83FCC00CE4883 /* PBXContainerItemProxy */;
		};
/* End PBXTargetDependency section */

/* Begin PBXVariantGroup section */
		E74B28A91AF83FCC00CE4883 /* Main.storyboard */ = {
			isa = PBXVariantGroup;
			children = (
				E74B28AA1AF83FCC00CE4883 /* Base */,
			);
			name = Main.storyboard;
			sourceTree = "<group>";
		};
		E74B28AE1AF83FCC00CE4883 /* LaunchScreen.xib */ = {
			isa = PBXVariantGroup;
			children = (
				E74B28AF1AF83FCC00CE4883 /* Base */,
			);
			name = LaunchScreen.xib;
			sourceTree = "<group>";
		};
/* End PBXVariantGroup section */

/* Begin XCBuildConfiguration section */
		E74B28BD1AF83FCC00CE4883 /* Debug */ = {
			isa = XCBuildConfiguration;
			buildSettings = {
				ALWAYS_SEARCH_USER_PATHS = NO;
				CLANG_CXX_LANGUAGE_STANDARD = "gnu++0x";
				CLANG_CXX_LIBRARY = "libc++";
				CLANG_ENABLE_MODULES = YES;
				CLANG_ENABLE_OBJC_ARC = YES;
				CLANG_WARN_BOOL_CONVERSION = YES;
				CLANG_WARN_CONSTANT_CONVERSION = YES;
				CLANG_WARN_DIRECT_OBJC_ISA_USAGE = YES_ERROR;
				CLANG_WARN_EMPTY_BODY = YES;
				CLANG_WARN_ENUM_CONVERSION = YES;
				CLANG_WARN_INT_CONVERSION = YES;
				CLANG_WARN_OBJC_ROOT_CLASS = YES_ERROR;
				CLANG_WARN_UNREACHABLE_CODE = YES;
				CLANG_WARN__DUPLICATE_METHOD_MATCH = YES;
				"CODE_SIGN_IDENTITY[sdk=iphoneos*]" = "iPhone Developer";
				COPY_PHASE_STRIP = NO;
				DEBUG_INFORMATION_FORMAT = "dwarf-with-dsym";
				ENABLE_STRICT_OBJC_MSGSEND = YES;
				GCC_C_LANGUAGE_STANDARD = gnu99;
				GCC_DYNAMIC_NO_PIC = NO;
				GCC_NO_COMMON_BLOCKS = YES;
				GCC_OPTIMIZATION_LEVEL = 0;
				GCC_PREPROCESSOR_DEFINITIONS = (
					"DEBUG=1",
					"$(inherited)",
				);
				GCC_SYMBOLS_PRIVATE_EXTERN = NO;
				GCC_WARN_64_TO_32_BIT_CONVERSION = YES;
				GCC_WARN_ABOUT_RETURN_TYPE = YES_ERROR;
				GCC_WARN_UNDECLARED_SELECTOR = YES;
				GCC_WARN_UNINITIALIZED_AUTOS = YES_AGGRESSIVE;
				GCC_WARN_UNUSED_FUNCTION = YES;
				GCC_WARN_UNUSED_VARIABLE = YES;
				IPHONEOS_DEPLOYMENT_TARGET = 8.3;
				MTL_ENABLE_DEBUG_INFO = YES;
				ONLY_ACTIVE_ARCH = YES;
				SDKROOT = iphoneos;
				TARGETED_DEVICE_FAMILY = "1,2";
			};
			name = Debug;
		};
		E74B28BE1AF83FCC00CE4883 /* Release */ = {
			isa = XCBuildConfiguration;
			buildSettings = {
				ALWAYS_SEARCH_USER_PATHS = NO;
				CLANG_CXX_LANGUAGE_STANDARD = "gnu++0x";
				CLANG_CXX_LIBRARY = "libc++";
				CLANG_ENABLE_MODULES = YES;
				CLANG_ENABLE_OBJC_ARC = YES;
				CLANG_WARN_BOOL_CONVERSION = YES;
				CLANG_WARN_CONSTANT_CONVERSION = YES;
				CLANG_WARN_DIRECT_OBJC_ISA_USAGE = YES_ERROR;
				CLANG_WARN_EMPTY_BODY = YES;
				CLANG_WARN_ENUM_CONVERSION = YES;
				CLANG_WARN_INT_CONVERSION = YES;
				CLANG_WARN_OBJC_ROOT_CLASS = YES_ERROR;
				CLANG_WARN_UNREACHABLE_CODE = YES;
				CLANG_WARN__DUPLICATE_METHOD_MATCH = YES;
				"CODE_SIGN_IDENTITY[sdk=iphoneos*]" = "iPhone Developer";
				COPY_PHASE_STRIP = NO;
				DEBUG_INFORMATION_FORMAT = "dwarf-with-dsym";
				ENABLE_NS_ASSERTIONS = NO;
				ENABLE_STRICT_OBJC_MSGSEND = YES;
				GCC_C_LANGUAGE_STANDARD = gnu99;
				GCC_NO_COMMON_BLOCKS = YES;
				GCC_WARN_64_TO_32_BIT_CONVERSION = YES;
				GCC_WARN_ABOUT_RETURN_TYPE = YES_ERROR;
				GCC_WARN_UNDECLARED_SELECTOR = YES;
				GCC_WARN_UNINITIALIZED_AUTOS = YES_AGGRESSIVE;
				GCC_WARN_UNUSED_FUNCTION = YES;
				GCC_WARN_UNUSED_VARIABLE = YES;
				IPHONEOS_DEPLOYMENT_TARGET = 8.3;
				MTL_ENABLE_DEBUG_INFO = NO;
				SDKROOT = iphoneos;
				TARGETED_DEVICE_FAMILY = "1,2";
				VALIDATE_PRODUCT = YES;
			};
			name = Release;
		};
		E74B28C01AF83FCC00CE4883 /* Debug */ = {
			isa = XCBuildConfiguration;
			buildSettings = {
				ASSETCATALOG_COMPILER_APPICON_NAME = AppIcon;
				INFOPLIST_FILE = "ios-utilities-tests/Info.plist";
				LD_RUNPATH_SEARCH_PATHS = "$(inherited) @executable_path/Frameworks";
				PRODUCT_NAME = "$(TARGET_NAME)";
			};
			name = Debug;
		};
		E74B28C11AF83FCC00CE4883 /* Release */ = {
			isa = XCBuildConfiguration;
			buildSettings = {
				ASSETCATALOG_COMPILER_APPICON_NAME = AppIcon;
				INFOPLIST_FILE = "ios-utilities-tests/Info.plist";
				LD_RUNPATH_SEARCH_PATHS = "$(inherited) @executable_path/Frameworks";
				PRODUCT_NAME = "$(TARGET_NAME)";
			};
			name = Release;
		};
		E74B28C31AF83FCC00CE4883 /* Debug */ = {
			isa = XCBuildConfiguration;
			buildSettings = {
				BUNDLE_LOADER = "$(TEST_HOST)";
				FRAMEWORK_SEARCH_PATHS = (
					"$(SDKROOT)/Developer/Library/Frameworks",
					"$(inherited)",
				);
				GCC_PREPROCESSOR_DEFINITIONS = (
					"DEBUG=1",
					"$(inherited)",
				);
				INFOPLIST_FILE = "ios-utilities-testsTests/Info.plist";
				LD_RUNPATH_SEARCH_PATHS = "$(inherited) @executable_path/Frameworks @loader_path/Frameworks";
				PRODUCT_NAME = "ios-utilitiesTests";
				TEST_HOST = "$(BUILT_PRODUCTS_DIR)/ios-utilities-tests.app/ios-utilities-tests";
			};
			name = Debug;
		};
		E74B28C41AF83FCC00CE4883 /* Release */ = {
			isa = XCBuildConfiguration;
			buildSettings = {
				BUNDLE_LOADER = "$(TEST_HOST)";
				FRAMEWORK_SEARCH_PATHS = (
					"$(SDKROOT)/Developer/Library/Frameworks",
					"$(inherited)",
				);
				INFOPLIST_FILE = "ios-utilities-testsTests/Info.plist";
				LD_RUNPATH_SEARCH_PATHS = "$(inherited) @executable_path/Frameworks @loader_path/Frameworks";
				PRODUCT_NAME = "ios-utilitiesTests";
				TEST_HOST = "$(BUILT_PRODUCTS_DIR)/ios-utilities-tests.app/ios-utilities-tests";
			};
			name = Release;
		};
/* End XCBuildConfiguration section */

/* Begin XCConfigurationList section */
		E74B28971AF83FCC00CE4883 /* Build configuration list for PBXProject "ios-utilities" */ = {
			isa = XCConfigurationList;
			buildConfigurations = (
				E74B28BD1AF83FCC00CE4883 /* Debug */,
				E74B28BE1AF83FCC00CE4883 /* Release */,
			);
			defaultConfigurationIsVisible = 0;
			defaultConfigurationName = Release;
		};
		E74B28BF1AF83FCC00CE4883 /* Build configuration list for PBXNativeTarget "ios-utilities" */ = {
			isa = XCConfigurationList;
			buildConfigurations = (
				E74B28C01AF83FCC00CE4883 /* Debug */,
				E74B28C11AF83FCC00CE4883 /* Release */,
			);
			defaultConfigurationIsVisible = 0;
		};
		E74B28C21AF83FCC00CE4883 /* Build configuration list for PBXNativeTarget "ios-utilitiesTests" */ = {
			isa = XCConfigurationList;
			buildConfigurations = (
				E74B28C31AF83FCC00CE4883 /* Debug */,
				E74B28C41AF83FCC00CE4883 /* Release */,
			);
			defaultConfigurationIsVisible = 0;
		};
/* End XCConfigurationList section */
	};
	rootObject = E74B28941AF83FCC00CE4883 /* Project object */;
}
